
Microsoft Visual Studio Solution File, Format Version 12.00
# Visual Studio 15
VisualStudioVersion = 15.0.28307.271
MinimumVisualStudioVersion = 10.0.40219.1
Project("{FAE04EC0-301F-11D3-BF4B-00C04F79EFBC}") = "ConsoleApp1", "ConsoleApp1\ConsoleApp1.csproj", "{515A2FEC-A0C6-47D3-892F-D6B29129E5C6}"
EndProject
Global
	GlobalSection(SolutionConfigurationPlatforms) = preSolution
		Debug|Any CPU = Debug|Any CPU
		Release|Any CPU = Release|Any CPU
	EndGlobalSection
	GlobalSection(ProjectConfigurationPlatforms) = postSolution
		{515A2FEC-A0C6-47D3-892F-D6B29129E5C6}.Debug|Any CPU.ActiveCfg = Debug|Any CPU
		{515A2FEC-A0C6-47D3-892F-D6B29129E5C6}.Debug|Any CPU.Build.0 = Debug|Any CPU
		{515A2FEC-A0C6-47D3-892F-D6B29129E5C6}.Release|Any CPU.ActiveCfg = Release|Any CPU
		{515A2FEC-A0C6-47D3-892F-D6B29129E5C6}.Release|Any CPU.Build.0 = Release|Any CPU
	EndGlobalSection
	GlobalSection(SolutionProperties) = preSolution
		HideSolutionNode = FALSE
	EndGlobalSection
	GlobalSection(ExtensibilityGlobals) = postSolution
		SolutionGuid = {77131800-D413-4D05-AA8A-2D453A65C267}
	EndGlobalSection
EndGlobal
